
Microsoft Visual Studio Solution File, Format Version 12.00
# Visual Studio Version 16
VisualStudioVersion = 25.0.1706.9
MinimumVisualStudioVersion = 10.0.40219.1
Project("{FAE04EC0-301F-11D3-BF4B-00C04F79EFBC}") = "DateTestUnitaire", "DateTestUnitaire\DateTestUnitaire.csproj", "{FE769D34-E6FA-4B4B-A3CF-121C1C1BCB86}"
EndProject
Project("{FAE04EC0-301F-11D3-BF4B-00C04F79EFBC}") = "UnitTests.cs", "UnitTests.cs\UnitTests.cs.csproj", "{8C68DA6E-E6AF-4282-BCEE-60CCC2B32873}"
EndProject
Global
	GlobalSection(SolutionConfigurationPlatforms) = preSolution
		Debug|Any CPU = Debug|Any CPU
		Release|Any CPU = Release|Any CPU
	EndGlobalSection
	GlobalSection(ProjectConfigurationPlatforms) = postSolution
		{FE769D34-E6FA-4B4B-A3CF-121C1C1BCB86}.Debug|Any CPU.ActiveCfg = Debug|Any CPU
		{FE769D34-E6FA-4B4B-A3CF-121C1C1BCB86}.Debug|Any CPU.Build.0 = Debug|Any CPU
		{FE769D34-E6FA-4B4B-A3CF-121C1C1BCB86}.Release|Any CPU.ActiveCfg = Release|Any CPU
		{FE769D34-E6FA-4B4B-A3CF-121C1C1BCB86}.Release|Any CPU.Build.0 = Release|Any CPU
		{8C68DA6E-E6AF-4282-BCEE-60CCC2B32873}.Debug|Any CPU.ActiveCfg = Debug|Any CPU
		{8C68DA6E-E6AF-4282-BCEE-60CCC2B32873}.Debug|Any CPU.Build.0 = Debug|Any CPU
		{8C68DA6E-E6AF-4282-BCEE-60CCC2B32873}.Release|Any CPU.ActiveCfg = Release|Any CPU
		{8C68DA6E-E6AF-4282-BCEE-60CCC2B32873}.Release|Any CPU.Build.0 = Release|Any CPU
	EndGlobalSection
	GlobalSection(SolutionProperties) = preSolution
		HideSolutionNode = FALSE
	EndGlobalSection
	GlobalSection(ExtensibilityGlobals) = postSolution
		SolutionGuid = {9C37F881-5311-4F7A-A192-7662814993A1}
	EndGlobalSection
EndGlobal
